description: |
  Detects an appx package deployment that was blocked by AppLocker policy
name: Deployment AppX Package Was Blocked By AppLocker
index: "winlogbeat-*"
filter:
- query:
    query_string:
      query: winlog.channel.keyword:Microsoft\-Windows\-AppXDeploymentServer\/Operational AND event.code.keyword:412
type: any
priority: 2
